<?xml version="1.0" encoding="utf-8"?>
<Project ToolsVersion="4.0" xmlns="http://schemas.microsoft.com/developer/msbuild/2003">
  <ItemGroup>
    <Filter Include="리소스 파일">
      <UniqueIdentifier>{67DA6AB6-F800-4c08-8B7A-83BB121AAD01}</UniqueIdentifier>
      <Extensions>rc;ico;cur;bmp;dlg;rc2;rct;bin;rgs;gif;jpg;jpeg;jpe;resx;tiff;tif;png;wav;mfcribbon-ms</Extensions>
    </Filter>
    <Filter Include="system">
      <UniqueIdentifier>{b9403505-6f5b-46f8-8a1e-9b06448e2c9a}</UniqueIdentifier>
    </Filter>
    <Filter Include="system\network">
      <UniqueIdentifier>{63470a66-0074-4d9e-b72c-69028ea97254}</UniqueIdentifier>
    </Filter>
    <Filter Include="setup">
      <UniqueIdentifier>{da38acec-69ff-4036-a9db-76a5768caf63}</UniqueIdentifier>
    </Filter>
    <Filter Include="system\network\rest">
      <UniqueIdentifier>{547c6ae8-7ed6-43dd-ab20-ec1b108be249}</UniqueIdentifier>
    </Filter>
  </ItemGroup>
  <ItemGroup>
    <ClCompile Include="..\..\..\application\server\server.cpp" />
    <ClCompile Include="..\..\..\application\server\system\system.cpp">
      <Filter>system</Filter>
    </ClCompile>
    <ClCompile Include="..\..\..\application\server\system\network\network_manager.cpp">
      <Filter>system\network</Filter>
    </ClCompile>
    <ClCompile Include="..\..\..\application\server\setup\setup.cpp">
      <Filter>setup</Filter>
    </ClCompile>
    <ClCompile Include="..\..\..\application\server\system\network\rest\rest_server_param.cpp">
      <Filter>system\network\rest</Filter>
    </ClCompile>
    <ClCompile Include="..\..\..\application\server\system\network\rest\rest_server.cpp">
      <Filter>system\network\rest</Filter>
    </ClCompile>
  </ItemGroup>
  <ItemGroup>
    <ClInclude Include="..\..\..\application\server\define.h" />
    <ClInclude Include="..\..\..\application\server\system\system.h">
      <Filter>system</Filter>
    </ClInclude>
    <ClInclude Include="..\..\..\application\server\system\network\network_manager.h">
      <Filter>system\network</Filter>
    </ClInclude>
    <ClInclude Include="..\..\..\application\server\setup\setup.h">
      <Filter>setup</Filter>
    </ClInclude>
    <ClInclude Include="..\..\..\application\server\system\network\rest\rest_server.h">
      <Filter>system\network\rest</Filter>
    </ClInclude>
    <ClInclude Include="..\..\..\application\server\system\network\rest\rest_server_param.h">
      <Filter>system\network\rest</Filter>
    </ClInclude>
  </ItemGroup>
</Project>